{
  "object": {
    "pins": [
      {
        "package": "Polyline",
        "repositoryURL": "https://github.com/raphaelmor/Polyline.git",
        "state": {
          "branch": null,
          "revision": "36f7b1222aaf8fa741d0d179c12e186998d97f42",
          "version": "5.0.2"
        }
      }
    ]
  },
  "version": 1
}
